
Microsoft Visual Studio Solution File, Format Version 12.00
# Visual Studio Version 17
VisualStudioVersion = 17.11.35219.272
MinimumVisualStudioVersion = 10.0.40219.1
Project("{FAE04EC0-301F-11D3-BF4B-00C04F79EFBC}") = "tree", "tree\tree.csproj", "{7B4A4E87-8E34-4F49-B061-CA5EE06640D3}"
EndProject
Global
	GlobalSection(SolutionConfigurationPlatforms) = preSolution
		Debug|Any CPU = Debug|Any CPU
		Release|Any CPU = Release|Any CPU
	EndGlobalSection
	GlobalSection(ProjectConfigurationPlatforms) = postSolution
		{7B4A4E87-8E34-4F49-B061-CA5EE06640D3}.Debug|Any CPU.ActiveCfg = Debug|Any CPU
		{7B4A4E87-8E34-4F49-B061-CA5EE06640D3}.Debug|Any CPU.Build.0 = Debug|Any CPU
		{7B4A4E87-8E34-4F49-B061-CA5EE06640D3}.Release|Any CPU.ActiveCfg = Release|Any CPU
		{7B4A4E87-8E34-4F49-B061-CA5EE06640D3}.Release|Any CPU.Build.0 = Release|Any CPU
	EndGlobalSection
	GlobalSection(SolutionProperties) = preSolution
		HideSolutionNode = FALSE
	EndGlobalSection
	GlobalSection(ExtensibilityGlobals) = postSolution
		SolutionGuid = {6299605F-8477-4182-A903-ABC232FF58B1}
	EndGlobalSection
EndGlobal
